// !$*UTF8*$!
{
	archiveVersion = 1;
	classes = {
	};
	objectVersion = 46;
	objects = {

/* Begin PBXBuildFile section */
		B7130A941C9BA06400C84531 /* CustomCameraViewController.m in Sources */ = {isa = PBXBuildFile; fileRef = B7130A921C9BA06400C84531 /* CustomCameraViewController.m */; };
		B7130A951C9BA06400C84531 /* CustomCameraViewController.xib in Resources */ = {isa = PBXBuildFile; fileRef = B7130A931C9BA06400C84531 /* CustomCameraViewController.xib */; };
		B71792CE1C9FDAA000B3F85B /* OpenGLES.framework in Frameworks */ = {isa = PBXBuildFile; fileRef = B71792CD1C9FDAA000B3F85B /* OpenGLES.framework */; };
		B71792DF1C9FE22800B3F85B /* RenderPhotoImage.m in Sources */ = {isa = PBXBuildFile; fileRef = B71792DE1C9FE22800B3F85B /* RenderPhotoImage.m */; };
		B71792E21C9FF29A00B3F85B /* PhotoFilterCollectionViewCell.m in Sources */ = {isa = PBXBuildFile; fileRef = B71792E11C9FF29A00B3F85B /* PhotoFilterCollectionViewCell.m */; };
		B71792E71CA0395000B3F85B /* SaveEditedPhotoImage.m in Sources */ = {isa = PBXBuildFile; fileRef = B71792E61CA0395000B3F85B /* SaveEditedPhotoImage.m */; };
		B7202DF81C98E78100D7CCAF /* main.m in Sources */ = {isa = PBXBuildFile; fileRef = B7202DF71C98E78100D7CCAF /* main.m */; };
		B7202DFB1C98E78100D7CCAF /* AppDelegate.m in Sources */ = {isa = PBXBuildFile; fileRef = B7202DFA1C98E78100D7CCAF /* AppDelegate.m */; };
		B7202E011C98E78100D7CCAF /* Main.storyboard in Resources */ = {isa = PBXBuildFile; fileRef = B7202DFF1C98E78100D7CCAF /* Main.storyboard */; };
		B7202E031C98E78100D7CCAF /* Assets.xcassets in Resources */ = {isa = PBXBuildFile; fileRef = B7202E021C98E78100D7CCAF /* Assets.xcassets */; };
		B7202E061C98E78100D7CCAF /* LaunchScreen.storyboard in Resources */ = {isa = PBXBuildFile; fileRef = B7202E041C98E78100D7CCAF /* LaunchScreen.storyboard */; };
		B7202E111C98E78100D7CCAF /* LoveCameraUITests.m in Sources */ = {isa = PBXBuildFile; fileRef = B7202E101C98E78100D7CCAF /* LoveCameraUITests.m */; };
		B722B8511CA8CF14003DEF8A /* closeFlash.png in Resources */ = {isa = PBXBuildFile; fileRef = B722B8501CA8CF14003DEF8A /* closeFlash.png */; };
		B722B8561CA8D2ED003DEF8A /* autoFlash.png in Resources */ = {isa = PBXBuildFile; fileRef = B722B8551CA8D2ED003DEF8A /* autoFlash.png */; };
		B722B8581CA8D2FA003DEF8A /* startFlash.png in Resources */ = {isa = PBXBuildFile; fileRef = B722B8571CA8D2FA003DEF8A /* startFlash.png */; };
		B722B85A1CA8D405003DEF8A /* change.png in Resources */ = {isa = PBXBuildFile; fileRef = B722B8591CA8D405003DEF8A /* change.png */; };
		B722B85C1CA8D905003DEF8A /* paizhao.png in Resources */ = {isa = PBXBuildFile; fileRef = B722B85B1CA8D905003DEF8A /* paizhao.png */; };
		B737CF9A1CA37FA60017F772 /* HomePageViewController.m in Sources */ = {isa = PBXBuildFile; fileRef = B737CF981CA37FA60017F772 /* HomePageViewController.m */; };
		B737CF9B1CA37FA60017F772 /* HomePageViewController.xib in Resources */ = {isa = PBXBuildFile; fileRef = B737CF991CA37FA60017F772 /* HomePageViewController.xib */; };
		B737CF9E1CA389FA0017F772 /* homepage.jpg in Resources */ = {isa = PBXBuildFile; fileRef = B737CF9D1CA389FA0017F772 /* homepage.jpg */; };
		B73DF1F91C9CF73000D78673 /* EditingPhotoViewController.m in Sources */ = {isa = PBXBuildFile; fileRef = B73DF1F71C9CF73000D78673 /* EditingPhotoViewController.m */; };
		B73DF1FA1C9CF73000D78673 /* EditingPhotoViewController.xib in Resources */ = {isa = PBXBuildFile; fileRef = B73DF1F81C9CF73000D78673 /* EditingPhotoViewController.xib */; };
		B7CC81761CA39A9C00401D3E /* HomePageView.m in Sources */ = {isa = PBXBuildFile; fileRef = B7CC81751CA39A9C00401D3E /* HomePageView.m */; };
/* End PBXBuildFile section */

/* Begin PBXContainerItemProxy section */
		B7202E0D1C98E78100D7CCAF /* PBXContainerItemProxy */ = {
			isa = PBXContainerItemProxy;
			containerPortal = B7202DEB1C98E78100D7CCAF /* Project object */;
			proxyType = 1;
			remoteGlobalIDString = B7202DF21C98E78100D7CCAF;
			remoteInfo = LoveCamera;
		};
/* End PBXContainerItemProxy section */

/* Begin PBXFileReference section */
		B7130A911C9BA06400C84531 /* CustomCameraViewController.h */ = {isa = PBXFileReference; fileEncoding = 4; lastKnownFileType = sourcecode.c.h; path = CustomCameraViewController.h; sourceTree = "<group>"; };
		B7130A921C9BA06400C84531 /* CustomCameraViewController.m */ = {isa = PBXFileReference; fileEncoding = 4; lastKnownFileType = sourcecode.c.objc; path = CustomCameraViewController.m; sourceTree = "<group>"; };
		B7130A931C9BA06400C84531 /* CustomCameraViewController.xib */ = {isa = PBXFileReference; fileEncoding = 4; lastKnownFileType = file.xib; path = CustomCameraViewController.xib; sourceTree = "<group>"; };
		B71792CD1C9FDAA000B3F85B /* OpenGLES.framework */ = {isa = PBXFileReference; lastKnownFileType = wrapper.framework; name = OpenGLES.framework; path = System/Library/Frameworks/OpenGLES.framework; sourceTree = SDKROOT; };
		B71792DD1C9FE22800B3F85B /* RenderPhotoImage.h */ = {isa = PBXFileReference; fileEncoding = 4; lastKnownFileType = sourcecode.c.h; path = RenderPhotoImage.h; sourceTree = "<group>"; };
		B71792DE1C9FE22800B3F85B /* RenderPhotoImage.m */ = {isa = PBXFileReference; fileEncoding = 4; lastKnownFileType = sourcecode.c.objc; path = RenderPhotoImage.m; sourceTree = "<group>"; };
		B71792E01C9FF29A00B3F85B /* PhotoFilterCollectionViewCell.h */ = {isa = PBXFileReference; fileEncoding = 4; lastKnownFileType = sourcecode.c.h; path = PhotoFilterCollectionViewCell.h; sourceTree = "<group>"; };
		B71792E11C9FF29A00B3F85B /* PhotoFilterCollectionViewCell.m */ = {isa = PBXFileReference; fileEncoding = 4; lastKnownFileType = sourcecode.c.objc; path = PhotoFilterCollectionViewCell.m; sourceTree = "<group>"; };
		B71792E51CA0395000B3F85B /* SaveEditedPhotoImage.h */ = {isa = PBXFileReference; fileEncoding = 4; lastKnownFileType = sourcecode.c.h; path = SaveEditedPhotoImage.h; sourceTree = "<group>"; };
		B71792E61CA0395000B3F85B /* SaveEditedPhotoImage.m */ = {isa = PBXFileReference; fileEncoding = 4; lastKnownFileType = sourcecode.c.objc; path = SaveEditedPhotoImage.m; sourceTree = "<group>"; };
		B7202DF31C98E78100D7CCAF /* LoveCamera.app */ = {isa = PBXFileReference; explicitFileType = wrapper.application; includeInIndex = 0; path = LoveCamera.app; sourceTree = BUILT_PRODUCTS_DIR; };
		B7202DF71C98E78100D7CCAF /* main.m */ = {isa = PBXFileReference; lastKnownFileType = sourcecode.c.objc; path = main.m; sourceTree = "<group>"; };
		B7202DF91C98E78100D7CCAF /* AppDelegate.h */ = {isa = PBXFileReference; lastKnownFileType = sourcecode.c.h; path = AppDelegate.h; sourceTree = "<group>"; };
		B7202DFA1C98E78100D7CCAF /* AppDelegate.m */ = {isa = PBXFileReference; lastKnownFileType = sourcecode.c.objc; path = AppDelegate.m; sourceTree = "<group>"; };
		B7202E001C98E78100D7CCAF /* Base */ = {isa = PBXFileReference; lastKnownFileType = file.storyboard; name = Base; path = Base.lproj/Main.storyboard; sourceTree = "<group>"; };
		B7202E021C98E78100D7CCAF /* Assets.xcassets */ = {isa = PBXFileReference; lastKnownFileType = folder.assetcatalog; path = Assets.xcassets; sourceTree = "<group>"; };
		B7202E051C98E78100D7CCAF /* Base */ = {isa = PBXFileReference; lastKnownFileType = file.storyboard; name = Base; path = Base.lproj/LaunchScreen.storyboard; sourceTree = "<group>"; };
		B7202E071C98E78100D7CCAF /* Info.plist */ = {isa = PBXFileReference; lastKnownFileType = text.plist.xml; path = Info.plist; sourceTree = "<group>"; };
		B7202E0C1C98E78100D7CCAF /* LoveCameraUITests.xctest */ = {isa = PBXFileReference; explicitFileType = wrapper.cfbundle; includeInIndex = 0; path = LoveCameraUITests.xctest; sourceTree = BUILT_PRODUCTS_DIR; };
		B7202E101C98E78100D7CCAF /* LoveCameraUITests.m */ = {isa = PBXFileReference; lastKnownFileType = sourcecode.c.objc; path = LoveCameraUITests.m; sourceTree = "<group>"; };
		B7202E121C98E78100D7CCAF /* Info.plist */ = {isa = PBXFileReference; lastKnownFileType = text.plist.xml; path = Info.plist; sourceTree = "<group>"; };
		B722B8501CA8CF14003DEF8A /* closeFlash.png */ = {isa = PBXFileReference; lastKnownFileType = image.png; path = closeFlash.png; sourceTree = "<group>"; };
		B722B8551CA8D2ED003DEF8A /* autoFlash.png */ = {isa = PBXFileReference; lastKnownFileType = image.png; path = autoFlash.png; sourceTree = "<group>"; };
		B722B8571CA8D2FA003DEF8A /* startFlash.png */ = {isa = PBXFileReference; lastKnownFileType = image.png; path = startFlash.png; sourceTree = "<group>"; };
		B722B8591CA8D405003DEF8A /* change.png */ = {isa = PBXFileReference; lastKnownFileType = image.png; path = change.png; sourceTree = "<group>"; };
		B722B85B1CA8D905003DEF8A /* paizhao.png */ = {isa = PBXFileReference; lastKnownFileType = image.png; path = paizhao.png; sourceTree = "<group>"; };
		B737CF971CA37FA60017F772 /* HomePageViewController.h */ = {isa = PBXFileReference; fileEncoding = 4; lastKnownFileType = sourcecode.c.h; path = HomePageViewController.h; sourceTree = "<group>"; };
		B737CF981CA37FA60017F772 /* HomePageViewController.m */ = {isa = PBXFileReference; fileEncoding = 4; lastKnownFileType = sourcecode.c.objc; path = HomePageViewController.m; sourceTree = "<group>"; };
		B737CF991CA37FA60017F772 /* HomePageViewController.xib */ = {isa = PBXFileReference; fileEncoding = 4; lastKnownFileType = file.xib; path = HomePageViewController.xib; sourceTree = "<group>"; };
		B737CF9D1CA389FA0017F772 /* homepage.jpg */ = {isa = PBXFileReference; lastKnownFileType = image.jpeg; path = homepage.jpg; sourceTree = "<group>"; };
		B73DF1EF1C9C042200D78673 /* Utility.h */ = {isa = PBXFileReference; fileEncoding = 4; lastKnownFileType = sourcecode.c.h; path = Utility.h; sourceTree = "<group>"; };
		B73DF1F61C9CF73000D78673 /* EditingPhotoViewController.h */ = {isa = PBXFileReference; fileEncoding = 4; lastKnownFileType = sourcecode.c.h; path = EditingPhotoViewController.h; sourceTree = "<group>"; };
		B73DF1F71C9CF73000D78673 /* EditingPhotoViewController.m */ = {isa = PBXFileReference; fileEncoding = 4; lastKnownFileType = sourcecode.c.objc; path = EditingPhotoViewController.m; sourceTree = "<group>"; };
		B73DF1F81C9CF73000D78673 /* EditingPhotoViewController.xib */ = {isa = PBXFileReference; fileEncoding = 4; lastKnownFileType = file.xib; path = EditingPhotoViewController.xib; sourceTree = "<group>"; };
		B7CC81741CA39A9C00401D3E /* HomePageView.h */ = {isa = PBXFileReference; fileEncoding = 4; lastKnownFileType = sourcecode.c.h; path = HomePageView.h; sourceTree = "<group>"; };
		B7CC81751CA39A9C00401D3E /* HomePageView.m */ = {isa = PBXFileReference; fileEncoding = 4; lastKnownFileType = sourcecode.c.objc; path = HomePageView.m; sourceTree = "<group>"; };
/* End PBXFileReference section */

/* Begin PBXFrameworksBuildPhase section */
		B7202DF01C98E78100D7CCAF /* Frameworks */ = {
			isa = PBXFrameworksBuildPhase;
			buildActionMask = 2147483647;
			files = (
				B71792CE1C9FDAA000B3F85B /* OpenGLES.framework in Frameworks */,
			);
			runOnlyForDeploymentPostprocessing = 0;
		};
		B7202E091C98E78100D7CCAF /* Frameworks */ = {
			isa = PBXFrameworksBuildPhase;
			buildActionMask = 2147483647;
			files = (
			);
			runOnlyForDeploymentPostprocessing = 0;
		};
/* End PBXFrameworksBuildPhase section */

/* Begin PBXGroup section */
		B71792DB1C9FE16600B3F85B /* View */ = {
			isa = PBXGroup;
			children = (
				B7CC81741CA39A9C00401D3E /* HomePageView.h */,
				B7CC81751CA39A9C00401D3E /* HomePageView.m */,
				B71792E01C9FF29A00B3F85B /* PhotoFilterCollectionViewCell.h */,
				B71792E11C9FF29A00B3F85B /* PhotoFilterCollectionViewCell.m */,
			);
			name = View;
			sourceTree = "<group>";
		};
		B71792DC1C9FE17300B3F85B /* Model */ = {
			isa = PBXGroup;
			children = (
				B71792DD1C9FE22800B3F85B /* RenderPhotoImage.h */,
				B71792DE1C9FE22800B3F85B /* RenderPhotoImage.m */,
				B71792E51CA0395000B3F85B /* SaveEditedPhotoImage.h */,
				B71792E61CA0395000B3F85B /* SaveEditedPhotoImage.m */,
			);
			name = Model;
			sourceTree = "<group>";
		};
		B7202DEA1C98E78100D7CCAF = {
			isa = PBXGroup;
			children = (
				B7202DF51C98E78100D7CCAF /* LoveCamera */,
				B7202E0F1C98E78100D7CCAF /* LoveCameraUITests */,
				B7202DF41C98E78100D7CCAF /* Products */,
			);
			sourceTree = "<group>";
		};
		B7202DF41C98E78100D7CCAF /* Products */ = {
			isa = PBXGroup;
			children = (
				B7202DF31C98E78100D7CCAF /* LoveCamera.app */,
				B7202E0C1C98E78100D7CCAF /* LoveCameraUITests.xctest */,
			);
			name = Products;
			sourceTree = "<group>";
		};
		B7202DF51C98E78100D7CCAF /* LoveCamera */ = {
			isa = PBXGroup;
			children = (
				B7202DF91C98E78100D7CCAF /* AppDelegate.h */,
				B7202DFA1C98E78100D7CCAF /* AppDelegate.m */,
				B73DF1F01C9CF61900D78673 /* 首页 */,
				B73DF1F11C9CF62600D78673 /* 拍照界面 */,
				B73DF1F21C9CF67400D78673 /* 编辑照片 */,
				B71792DB1C9FE16600B3F85B /* View */,
				B71792DC1C9FE17300B3F85B /* Model */,
				B73DF1EF1C9C042200D78673 /* Utility.h */,
				B737CF9C1CA389ED0017F772 /* 图片 */,
				B7202DF61C98E78100D7CCAF /* Supporting Files */,
			);
			path = LoveCamera;
			sourceTree = "<group>";
		};
		B7202DF61C98E78100D7CCAF /* Supporting Files */ = {
			isa = PBXGroup;
			children = (
				B7202DFF1C98E78100D7CCAF /* Main.storyboard */,
				B7202E021C98E78100D7CCAF /* Assets.xcassets */,
				B7202E041C98E78100D7CCAF /* LaunchScreen.storyboard */,
				B7202E071C98E78100D7CCAF /* Info.plist */,
				B71792CD1C9FDAA000B3F85B /* OpenGLES.framework */,
				B7202DF71C98E78100D7CCAF /* main.m */,
			);
			name = "Supporting Files";
			sourceTree = "<group>";
		};
		B7202E0F1C98E78100D7CCAF /* LoveCameraUITests */ = {
			isa = PBXGroup;
			children = (
				B7202E101C98E78100D7CCAF /* LoveCameraUITests.m */,
				B7202E121C98E78100D7CCAF /* Info.plist */,
			);
			path = LoveCameraUITests;
			sourceTree = "<group>";
		};
		B737CF9C1CA389ED0017F772 /* 图片 */ = {
			isa = PBXGroup;
			children = (
				B722B8501CA8CF14003DEF8A /* closeFlash.png */,
				B722B8551CA8D2ED003DEF8A /* autoFlash.png */,
				B722B8571CA8D2FA003DEF8A /* startFlash.png */,
				B722B8591CA8D405003DEF8A /* change.png */,
				B737CF9D1CA389FA0017F772 /* homepage.jpg */,
				B722B85B1CA8D905003DEF8A /* paizhao.png */,
			);
			name = "图片";
			sourceTree = "<group>";
		};
		B73DF1F01C9CF61900D78673 /* 首页 */ = {
			isa = PBXGroup;
			children = (
				B737CF971CA37FA60017F772 /* HomePageViewController.h */,
				B737CF981CA37FA60017F772 /* HomePageViewController.m */,
				B737CF991CA37FA60017F772 /* HomePageViewController.xib */,
			);
			name = "首页";
			sourceTree = "<group>";
		};
		B73DF1F11C9CF62600D78673 /* 拍照界面 */ = {
			isa = PBXGroup;
			children = (
				B7130A911C9BA06400C84531 /* CustomCameraViewController.h */,
				B7130A921C9BA06400C84531 /* CustomCameraViewController.m */,
				B7130A931C9BA06400C84531 /* CustomCameraViewController.xib */,
			);
			name = "拍照界面";
			sourceTree = "<group>";
		};
		B73DF1F21C9CF67400D78673 /* 编辑照片 */ = {
			isa = PBXGroup;
			children = (
				B73DF1F61C9CF73000D78673 /* EditingPhotoViewController.h */,
				B73DF1F71C9CF73000D78673 /* EditingPhotoViewController.m */,
				B73DF1F81C9CF73000D78673 /* EditingPhotoViewController.xib */,
			);
			name = "编辑照片";
			sourceTree = "<group>";
		};
/* End PBXGroup section */

/* Begin PBXNativeTarget section */
		B7202DF21C98E78100D7CCAF /* LoveCamera */ = {
			isa = PBXNativeTarget;
			buildConfigurationList = B7202E151C98E78100D7CCAF /* Build configuration list for PBXNativeTarget "LoveCamera" */;
			buildPhases = (
				B7202DEF1C98E78100D7CCAF /* Sources */,
				B7202DF01C98E78100D7CCAF /* Frameworks */,
				B7202DF11C98E78100D7CCAF /* Resources */,
			);
			buildRules = (
			);
			dependencies = (
			);
			name = LoveCamera;
			productName = LoveCamera;
			productReference = B7202DF31C98E78100D7CCAF /* LoveCamera.app */;
			productType = "com.apple.product-type.application";
		};
		B7202E0B1C98E78100D7CCAF /* LoveCameraUITests */ = {
			isa = PBXNativeTarget;
			buildConfigurationList = B7202E181C98E78100D7CCAF /* Build configuration list for PBXNativeTarget "LoveCameraUITests" */;
			buildPhases = (
				B7202E081C98E78100D7CCAF /* Sources */,
				B7202E091C98E78100D7CCAF /* Frameworks */,
				B7202E0A1C98E78100D7CCAF /* Resources */,
			);
			buildRules = (
			);
			dependencies = (
				B7202E0E1C98E78100D7CCAF /* PBXTargetDependency */,
			);
			name = LoveCameraUITests;
			productName = LoveCameraUITests;
			productReference = B7202E0C1C98E78100D7CCAF /* LoveCameraUITests.xctest */;
			productType = "com.apple.product-type.bundle.ui-testing";
		};
/* End PBXNativeTarget section */

/* Begin PBXProject section */
		B7202DEB1C98E78100D7CCAF /* Project object */ = {
			isa = PBXProject;
			attributes = {
				LastUpgradeCheck = 0720;
				ORGANIZATIONNAME = Rain;
				TargetAttributes = {
					B7202DF21C98E78100D7CCAF = {
						CreatedOnToolsVersion = 7.2;
						DevelopmentTeam = 325SF3NXQ2;
					};
					B7202E0B1C98E78100D7CCAF = {
						CreatedOnToolsVersion = 7.2;
						DevelopmentTeam = 325SF3NXQ2;
						TestTargetID = B7202DF21C98E78100D7CCAF;
					};
				};
			};
			buildConfigurationList = B7202DEE1C98E78100D7CCAF /* Build configuration list for PBXProject "LoveCamera" */;
			compatibilityVersion = "Xcode 3.2";
			developmentRegion = English;
			hasScannedForEncodings = 0;
			knownRegions = (
				en,
				Base,
			);
			mainGroup = B7202DEA1C98E78100D7CCAF;
			productRefGroup = B7202DF41C98E78100D7CCAF /* Products */;
			projectDirPath = "";
			projectRoot = "";
			targets = (
				B7202DF21C98E78100D7CCAF /* LoveCamera */,
				B7202E0B1C98E78100D7CCAF /* LoveCameraUITests */,
			);
		};
/* End PBXProject section */

/* Begin PBXResourcesBuildPhase section */
		B7202DF11C98E78100D7CCAF /* Resources */ = {
			isa = PBXResourcesBuildPhase;
			buildActionMask = 2147483647;
			files = (
				B722B85C1CA8D905003DEF8A /* paizhao.png in Resources */,
				B722B8581CA8D2FA003DEF8A /* startFlash.png in Resources */,
				B7202E061C98E78100D7CCAF /* LaunchScreen.storyboard in Resources */,
				B7202E031C98E78100D7CCAF /* Assets.xcassets in Resources */,
				B722B8561CA8D2ED003DEF8A /* autoFlash.png in Resources */,
				B7130A951C9BA06400C84531 /* CustomCameraViewController.xib in Resources */,
				B737CF9E1CA389FA0017F772 /* homepage.jpg in Resources */,
				B73DF1FA1C9CF73000D78673 /* EditingPhotoViewController.xib in Resources */,
				B722B85A1CA8D405003DEF8A /* change.png in Resources */,
				B722B8511CA8CF14003DEF8A /* closeFlash.png in Resources */,
				B737CF9B1CA37FA60017F772 /* HomePageViewController.xib in Resources */,
				B7202E011C98E78100D7CCAF /* Main.storyboard in Resources */,
			);
			runOnlyForDeploymentPostprocessing = 0;
		};
		B7202E0A1C98E78100D7CCAF /* Resources */ = {
			isa = PBXResourcesBuildPhase;
			buildActionMask = 2147483647;
			files = (
			);
			runOnlyForDeploymentPostprocessing = 0;
		};
/* End PBXResourcesBuildPhase section */

/* Begin PBXSourcesBuildPhase section */
		B7202DEF1C98E78100D7CCAF /* Sources */ = {
			isa = PBXSourcesBuildPhase;
			buildActionMask = 2147483647;
			files = (
				B71792E21C9FF29A00B3F85B /* PhotoFilterCollectionViewCell.m in Sources */,
				B73DF1F91C9CF73000D78673 /* EditingPhotoViewController.m in Sources */,
				B737CF9A1CA37FA60017F772 /* HomePageViewController.m in Sources */,
				B7CC81761CA39A9C00401D3E /* HomePageView.m in Sources */,
				B7202DFB1C98E78100D7CCAF /* AppDelegate.m in Sources */,
				B71792E71CA0395000B3F85B /* SaveEditedPhotoImage.m in Sources */,
				B7130A941C9BA06400C84531 /* CustomCameraViewController.m in Sources */,
				B7202DF81C98E78100D7CCAF /* main.m in Sources */,
				B71792DF1C9FE22800B3F85B /* RenderPhotoImage.m in Sources */,
			);
			runOnlyForDeploymentPostprocessing = 0;
		};
		B7202E081C98E78100D7CCAF /* Sources */ = {
			isa = PBXSourcesBuildPhase;
			buildActionMask = 2147483647;
			files = (
				B7202E111C98E78100D7CCAF /* LoveCameraUITests.m in Sources */,
			);
			runOnlyForDeploymentPostprocessing = 0;
		};
/* End PBXSourcesBuildPhase section */

/* Begin PBXTargetDependency section */
		B7202E0E1C98E78100D7CCAF /* PBXTargetDependency */ = {
			isa = PBXTargetDependency;
			target = B7202DF21C98E78100D7CCAF /* LoveCamera */;
			targetProxy = B7202E0D1C98E78100D7CCAF /* PBXContainerItemProxy */;
		};
/* End PBXTargetDependency section */

/* Begin PBXVariantGroup section */
		B7202DFF1C98E78100D7CCAF /* Main.storyboard */ = {
			isa = PBXVariantGroup;
			children = (
				B7202E001C98E78100D7CCAF /* Base */,
			);
			name = Main.storyboard;
			sourceTree = "<group>";
		};
		B7202E041C98E78100D7CCAF /* LaunchScreen.storyboard */ = {
			isa = PBXVariantGroup;
			children = (
				B7202E051C98E78100D7CCAF /* Base */,
			);
			name = LaunchScreen.storyboard;
			sourceTree = "<group>";
		};
/* End PBXVariantGroup section */

/* Begin XCBuildConfiguration section */
		B7202E131C98E78100D7CCAF /* Debug */ = {
			isa = XCBuildConfiguration;
			buildSettings = {
				ALWAYS_SEARCH_USER_PATHS = NO;
				CLANG_CXX_LANGUAGE_STANDARD = "gnu++0x";
				CLANG_CXX_LIBRARY = "libc++";
				CLANG_ENABLE_MODULES = YES;
				CLANG_ENABLE_OBJC_ARC = YES;
				CLANG_WARN_BOOL_CONVERSION = YES;
				CLANG_WARN_CONSTANT_CONVERSION = YES;
				CLANG_WARN_DIRECT_OBJC_ISA_USAGE = YES_ERROR;
				CLANG_WARN_EMPTY_BODY = YES;
				CLANG_WARN_ENUM_CONVERSION = YES;
				CLANG_WARN_INT_CONVERSION = YES;
				CLANG_WARN_OBJC_ROOT_CLASS = YES_ERROR;
				CLANG_WARN_UNREACHABLE_CODE = YES;
				CLANG_WARN__DUPLICATE_METHOD_MATCH = YES;
				"CODE_SIGN_IDENTITY[sdk=iphoneos*]" = "iPhone Developer";
				COPY_PHASE_STRIP = NO;
				DEBUG_INFORMATION_FORMAT = dwarf;
				ENABLE_STRICT_OBJC_MSGSEND = YES;
				ENABLE_TESTABILITY = YES;
				GCC_C_LANGUAGE_STANDARD = gnu99;
				GCC_DYNAMIC_NO_PIC = NO;
				GCC_NO_COMMON_BLOCKS = YES;
				GCC_OPTIMIZATION_LEVEL = 0;
				GCC_PREPROCESSOR_DEFINITIONS = (
					"DEBUG=1",
					"$(inherited)",
				);
				GCC_WARN_64_TO_32_BIT_CONVERSION = YES;
				GCC_WARN_ABOUT_RETURN_TYPE = YES_ERROR;
				GCC_WARN_UNDECLARED_SELECTOR = YES;
				GCC_WARN_UNINITIALIZED_AUTOS = YES_AGGRESSIVE;
				GCC_WARN_UNUSED_FUNCTION = YES;
				GCC_WARN_UNUSED_VARIABLE = YES;
				IPHONEOS_DEPLOYMENT_TARGET = 9.2;
				MTL_ENABLE_DEBUG_INFO = YES;
				ONLY_ACTIVE_ARCH = YES;
				SDKROOT = iphoneos;
			};
			name = Debug;
		};
		B7202E141C98E78100D7CCAF /* Release */ = {
			isa = XCBuildConfiguration;
			buildSettings = {
				ALWAYS_SEARCH_USER_PATHS = NO;
				CLANG_CXX_LANGUAGE_STANDARD = "gnu++0x";
				CLANG_CXX_LIBRARY = "libc++";
				CLANG_ENABLE_MODULES = YES;
				CLANG_ENABLE_OBJC_ARC = YES;
				CLANG_WARN_BOOL_CONVERSION = YES;
				CLANG_WARN_CONSTANT_CONVERSION = YES;
				CLANG_WARN_DIRECT_OBJC_ISA_USAGE = YES_ERROR;
				CLANG_WARN_EMPTY_BODY = YES;
				CLANG_WARN_ENUM_CONVERSION = YES;
				CLANG_WARN_INT_CONVERSION = YES;
				CLANG_WARN_OBJC_ROOT_CLASS = YES_ERROR;
				CLANG_WARN_UNREACHABLE_CODE = YES;
				CLANG_WARN__DUPLICATE_METHOD_MATCH = YES;
				"CODE_SIGN_IDENTITY[sdk=iphoneos*]" = "iPhone Developer";
				COPY_PHASE_STRIP = NO;
				DEBUG_INFORMATION_FORMAT = "dwarf-with-dsym";
				ENABLE_NS_ASSERTIONS = NO;
				ENABLE_STRICT_OBJC_MSGSEND = YES;
				GCC_C_LANGUAGE_STANDARD = gnu99;
				GCC_NO_COMMON_BLOCKS = YES;
				GCC_WARN_64_TO_32_BIT_CONVERSION = YES;
				GCC_WARN_ABOUT_RETURN_TYPE = YES_ERROR;
				GCC_WARN_UNDECLARED_SELECTOR = YES;
				GCC_WARN_UNINITIALIZED_AUTOS = YES_AGGRESSIVE;
				GCC_WARN_UNUSED_FUNCTION = YES;
				GCC_WARN_UNUSED_VARIABLE = YES;
				IPHONEOS_DEPLOYMENT_TARGET = 9.2;
				MTL_ENABLE_DEBUG_INFO = NO;
				SDKROOT = iphoneos;
				VALIDATE_PRODUCT = YES;
			};
			name = Release;
		};
		B7202E161C98E78100D7CCAF /* Debug */ = {
			isa = XCBuildConfiguration;
			buildSettings = {
				ASSETCATALOG_COMPILER_APPICON_NAME = AppIcon;
				INFOPLIST_FILE = LoveCamera/Info.plist;
				IPHONEOS_DEPLOYMENT_TARGET = 9.3;
				LD_RUNPATH_SEARCH_PATHS = "$(inherited) @executable_path/Frameworks";
				PRODUCT_BUNDLE_IDENTIFIER = com.rain.LoveCamera;
				PRODUCT_NAME = "$(TARGET_NAME)";
			};
			name = Debug;
		};
		B7202E171C98E78100D7CCAF /* Release */ = {
			isa = XCBuildConfiguration;
			buildSettings = {
				ASSETCATALOG_COMPILER_APPICON_NAME = AppIcon;
				INFOPLIST_FILE = LoveCamera/Info.plist;
				IPHONEOS_DEPLOYMENT_TARGET = 9.3;
				LD_RUNPATH_SEARCH_PATHS = "$(inherited) @executable_path/Frameworks";
				PRODUCT_BUNDLE_IDENTIFIER = com.rain.LoveCamera;
				PRODUCT_NAME = "$(TARGET_NAME)";
			};
			name = Release;
		};
		B7202E191C98E78100D7CCAF /* Debug */ = {
			isa = XCBuildConfiguration;
			buildSettings = {
				INFOPLIST_FILE = LoveCameraUITests/Info.plist;
				LD_RUNPATH_SEARCH_PATHS = "$(inherited) @executable_path/Frameworks @loader_path/Frameworks";
				PRODUCT_BUNDLE_IDENTIFIER = com.rain.LoveCameraUITests;
				PRODUCT_NAME = "$(TARGET_NAME)";
				TEST_TARGET_NAME = LoveCamera;
				USES_XCTRUNNER = YES;
			};
			name = Debug;
		};
		B7202E1A1C98E78100D7CCAF /* Release */ = {
			isa = XCBuildConfiguration;
			buildSettings = {
				INFOPLIST_FILE = LoveCameraUITests/Info.plist;
				LD_RUNPATH_SEARCH_PATHS = "$(inherited) @executable_path/Frameworks @loader_path/Frameworks";
				PRODUCT_BUNDLE_IDENTIFIER = com.rain.LoveCameraUITests;
				PRODUCT_NAME = "$(TARGET_NAME)";
				TEST_TARGET_NAME = LoveCamera;
				USES_XCTRUNNER = YES;
			};
			name = Release;
		};
/* End XCBuildConfiguration section */

/* Begin XCConfigurationList section */
		B7202DEE1C98E78100D7CCAF /* Build configuration list for PBXProject "LoveCamera" */ = {
			isa = XCConfigurationList;
			buildConfigurations = (
				B7202E131C98E78100D7CCAF /* Debug */,
				B7202E141C98E78100D7CCAF /* Release */,
			);
			defaultConfigurationIsVisible = 0;
			defaultConfigurationName = Release;
		};
		B7202E151C98E78100D7CCAF /* Build configuration list for PBXNativeTarget "LoveCamera" */ = {
			isa = XCConfigurationList;
			buildConfigurations = (
				B7202E161C98E78100D7CCAF /* Debug */,
				B7202E171C98E78100D7CCAF /* Release */,
			);
			defaultConfigurationIsVisible = 0;
			defaultConfigurationName = Release;
		};
		B7202E181C98E78100D7CCAF /* Build configuration list for PBXNativeTarget "LoveCameraUITests" */ = {
			isa = XCConfigurationList;
			buildConfigurations = (
				B7202E191C98E78100D7CCAF /* Debug */,
				B7202E1A1C98E78100D7CCAF /* Release */,
			);
			defaultConfigurationIsVisible = 0;
			defaultConfigurationName = Release;
		};
/* End XCConfigurationList section */
	};
	rootObject = B7202DEB1C98E78100D7CCAF /* Project object */;
}
